
Microsoft Visual Studio Solution File, Format Version 12.00
# Visual Studio Version 17
VisualStudioVersion = 17.4.33213.308
MinimumVisualStudioVersion = 10.0.40219.1
Project("{888888A0-9F3D-457C-B088-3A5042F75D52}") = "isikukood2_Konjajev", "isikukood2_Konjajev\isikukood2_Konjajev.pyproj", "{56D0270E-A3B2-4ED3-AF84-E24FBC9E4371}"
EndProject
Global
	GlobalSection(SolutionConfigurationPlatforms) = preSolution
		Debug|Any CPU = Debug|Any CPU
		Release|Any CPU = Release|Any CPU
	EndGlobalSection
	GlobalSection(ProjectConfigurationPlatforms) = postSolution
		{56D0270E-A3B2-4ED3-AF84-E24FBC9E4371}.Debug|Any CPU.ActiveCfg = Debug|Any CPU
		{56D0270E-A3B2-4ED3-AF84-E24FBC9E4371}.Release|Any CPU.ActiveCfg = Release|Any CPU
	EndGlobalSection
	GlobalSection(SolutionProperties) = preSolution
		HideSolutionNode = FALSE
	EndGlobalSection
	GlobalSection(ExtensibilityGlobals) = postSolution
		SolutionGuid = {95121BAE-293F-459E-9F9E-AA5D7CF733EF}
	EndGlobalSection
EndGlobal
